version = 1
requires-python = ">=3.12"

[[package]]
name = "appdirs"
version = "1.4.4"
source = { registry = "https://pypi.org/simple" }
sdist = { url = "https://files.pythonhosted.org/packages/d7/d8/05696357e0311f5b5c316d7b95f46c669dd9c15aaeecbb48c7d0aeb88c40/appdirs-1.4.4.tar.gz", hash = "sha256:7d5d0167b2b1ba821647616af46a749d1c653740dd0d2415100fe26e27afdf41", size = 13470 }
wheels = [
    { url = "https://files.pythonhosted.org/packages/3b/00/2344469e2084fb287c2e0b57b72910309874c3245463acd6cf5e3db69324/appdirs-1.4.4-py2.py3-none-any.whl", hash = "sha256:a841dacd6b99318a741b166adb07e19ee71a274450e68237b4650ca1055ab128", size = 9566 },
]

[[package]]
name = "argparse"
version = "1.4.0"
source = { registry = "https://pypi.org/simple" }
sdist = { url = "https://files.pythonhosted.org/packages/18/dd/e617cfc3f6210ae183374cd9f6a26b20514bbb5a792af97949c5aacddf0f/argparse-1.4.0.tar.gz", hash = "sha256:62b089a55be1d8949cd2bc7e0df0bddb9e028faefc8c32038cc84862aefdd6e4", size = 70508 }
wheels = [
    { url = "https://files.pythonhosted.org/packages/f2/94/3af39d34be01a24a6e65433d19e107099374224905f1e0cc6bbe1fd22a2f/argparse-1.4.0-py2.py3-none-any.whl", hash = "sha256:c31647edb69fd3d465a847ea3157d37bed1f95f19760b11a47aa91c04b666314", size = 23000 },
]

[[package]]
name = "fs"
version = "2.4.16"
source = { registry = "https://pypi.org/simple" }
dependencies = [
    { name = "appdirs" },
    { name = "setuptools" },
    { name = "six" },
]
sdist = { url = "https://files.pythonhosted.org/packages/5d/a9/af5bfd5a92592c16cdae5c04f68187a309be8a146b528eac3c6e30edbad2/fs-2.4.16.tar.gz", hash = "sha256:ae97c7d51213f4b70b6a958292530289090de3a7e15841e108fbe144f069d313", size = 187441 }
wheels = [
    { url = "https://files.pythonhosted.org/packages/b9/5c/a3d95dc1ec6cdeb032d789b552ecc76effa3557ea9186e1566df6aac18df/fs-2.4.16-py2.py3-none-any.whl", hash = "sha256:660064febbccda264ae0b6bace80a8d1be9e089e0a5eb2427b7d517f9a91545c", size = 135261 },
]

[[package]]
name = "gpt-image"
version = "0.9.1"
source = { registry = "https://pypi.org/simple" }
sdist = { url = "https://files.pythonhosted.org/packages/eb/bd/5571322d036f37761b3e2293c600bf08055194c19e8a1e18c194acd2fa3f/gpt_image-0.9.1.tar.gz", hash = "sha256:07363562ec1cf5b50319ad0389486b576ed43c4682a16a8286822af9fd1f4594", size = 29484 }
wheels = [
    { url = "https://files.pythonhosted.org/packages/a7/16/0c0b90259c7f89b0be5478da3dfd01566bb3b04f21cc1abe0e9c78d2bc08/gpt_image-0.9.1-py3-none-any.whl", hash = "sha256:ae7cd45d0dcf4395a7dfeab0a4f2f7d092540c58ea1574eacd27803940bb8c2d", size = 20022 },
]

[[package]]
name = "kernel2"
version = "0.1.0"
source = { editable = "." }
dependencies = [
    { name = "argparse" },
    { name = "gpt-image" },
    { name = "pyfatfs" },
    { name = "setuptools" },
]

[package.metadata]
requires-dist = [
    { name = "argparse", specifier = ">=1.4.0" },
    { name = "gpt-image", specifier = ">=0.9.1" },
    { name = "pyfatfs", specifier = ">=1.1.0" },
    { name = "setuptools", specifier = "<81" },
]

[[package]]
name = "pyfatfs"
version = "1.1.0"
source = { registry = "https://pypi.org/simple" }
dependencies = [
    { name = "fs" },
]
sdist = { url = "https://files.pythonhosted.org/packages/44/3f/d08f1dbc44a7eef9c7fb355b83423fbd15bb3e487c250479a2c179cb39bf/pyfatfs-1.1.0.tar.gz", hash = "sha256:9725ccd0a4da1c09c27358abbf10f08c043ac84210af576803e087f51a2b30e0", size = 55459 }
wheels = [
    { url = "https://files.pythonhosted.org/packages/cb/de/feb531b25eb2315aa73a7dba335c253ee0075ff7f55b6fe742fb6d492ade/pyfatfs-1.1.0-py3-none-any.whl", hash = "sha256:7401fd39d9e92f531b2abea5b5d1d2c19d5461f4ba9ce8819b1ba35aea73c65d", size = 37932 },
]

[[package]]
name = "setuptools"
version = "80.10.2"
source = { registry = "https://pypi.org/simple" }
sdist = { url = "https://files.pythonhosted.org/packages/76/95/faf61eb8363f26aa7e1d762267a8d602a1b26d4f3a1e758e92cb3cb8b054/setuptools-80.10.2.tar.gz", hash = "sha256:8b0e9d10c784bf7d262c4e5ec5d4ec94127ce206e8738f29a437945fbc219b70", size = 1200343 }
wheels = [
    { url = "https://files.pythonhosted.org/packages/94/b8/f1f62a5e3c0ad2ff1d189590bfa4c46b4f3b6e49cef6f26c6ee4e575394d/setuptools-80.10.2-py3-none-any.whl", hash = "sha256:95b30ddfb717250edb492926c92b5221f7ef3fbcc2b07579bcd4a27da21d0173", size = 1064234 },
]

[[package]]
name = "six"
version = "1.17.0"
source = { registry = "https://pypi.org/simple" }
sdist = { url = "https://files.pythonhosted.org/packages/94/e7/b2c673351809dca68a0e064b6af791aa332cf192da575fd474ed7d6f16a2/six-1.17.0.tar.gz", hash = "sha256:ff70335d468e7eb6ec65b95b99d3a2836546063f63acc5171de367e834932a81", size = 34031 }
wheels = [
    { url = "https://files.pythonhosted.org/packages/b7/ce/149a00dd41f10bc29e5921b496af8b574d8413afcd5e30dfa0ed46c2cc5e/six-1.17.0-py2.py3-none-any.whl", hash = "sha256:4721f391ed90541fddacab5acf947aa0d3dc7d27b2e1e8eda2be8970586c3274", size = 11050 },
]
